
Microsoft Visual Studio Solution File, Format Version 12.00
# Visual Studio Version 16
VisualStudioVersion = 16.0.29503.13
MinimumVisualStudioVersion = 10.0.40219.1
Project("{FAE04EC0-301F-11D3-BF4B-00C04F79EFBC}") = "AnalysisTransfer", "AnalysisTransfer\AnalysisTransfer.csproj", "{B97FE9B3-DA0A-4F76-B876-1A3ECE73F1CC}"
EndProject
Project("{FAE04EC0-301F-11D3-BF4B-00C04F79EFBC}") = "TransmissionDisplay", "TransmissionDisplay\TransmissionDisplay.csproj", "{BCCAE406-16AA-42BA-8474-BEB81ECF3B8E}"
EndProject
Project("{FAE04EC0-301F-11D3-BF4B-00C04F79EFBC}") = "TransmissionDataList", "TransmissionDataList\TransmissionDataList.csproj", "{B91FE0A0-A96F-4825-81DF-9595CE97F2EC}"
EndProject
Project("{FAE04EC0-301F-11D3-BF4B-00C04F79EFBC}") = "BTProductionInformation", "BTProductionInformation\BTProductionInformation.csproj", "{AB977E34-D24B-4B4F-A283-961DB5D75570}"
EndProject
Project("{FAE04EC0-301F-11D3-BF4B-00C04F79EFBC}") = "SerialCommLib", "SerialCommLib\SerialCommLib.csproj", "{0D848F61-CD42-4343-ACD9-13C75C6E73F6}"
EndProject
Project("{FAE04EC0-301F-11D3-BF4B-00C04F79EFBC}") = "QMAnalysisTransfer", "QMAnalysisTransfer\QMAnalysisTransfer.csproj", "{26E02D42-3A94-4443-A6E8-19C57F5B2B51}"
EndProject
Global
	GlobalSection(SolutionConfigurationPlatforms) = preSolution
		Debug|Any CPU = Debug|Any CPU
		Release|Any CPU = Release|Any CPU
	EndGlobalSection
	GlobalSection(ProjectConfigurationPlatforms) = postSolution
		{B97FE9B3-DA0A-4F76-B876-1A3ECE73F1CC}.Debug|Any CPU.ActiveCfg = Debug|Any CPU
		{B97FE9B3-DA0A-4F76-B876-1A3ECE73F1CC}.Debug|Any CPU.Build.0 = Debug|Any CPU
		{B97FE9B3-DA0A-4F76-B876-1A3ECE73F1CC}.Release|Any CPU.ActiveCfg = Release|Any CPU
		{B97FE9B3-DA0A-4F76-B876-1A3ECE73F1CC}.Release|Any CPU.Build.0 = Release|Any CPU
		{BCCAE406-16AA-42BA-8474-BEB81ECF3B8E}.Debug|Any CPU.ActiveCfg = Debug|Any CPU
		{BCCAE406-16AA-42BA-8474-BEB81ECF3B8E}.Debug|Any CPU.Build.0 = Debug|Any CPU
		{BCCAE406-16AA-42BA-8474-BEB81ECF3B8E}.Release|Any CPU.ActiveCfg = Release|Any CPU
		{BCCAE406-16AA-42BA-8474-BEB81ECF3B8E}.Release|Any CPU.Build.0 = Release|Any CPU
		{B91FE0A0-A96F-4825-81DF-9595CE97F2EC}.Debug|Any CPU.ActiveCfg = Debug|Any CPU
		{B91FE0A0-A96F-4825-81DF-9595CE97F2EC}.Debug|Any CPU.Build.0 = Debug|Any CPU
		{B91FE0A0-A96F-4825-81DF-9595CE97F2EC}.Release|Any CPU.ActiveCfg = Release|Any CPU
		{B91FE0A0-A96F-4825-81DF-9595CE97F2EC}.Release|Any CPU.Build.0 = Release|Any CPU
		{AB977E34-D24B-4B4F-A283-961DB5D75570}.Debug|Any CPU.ActiveCfg = Debug|Any CPU
		{AB977E34-D24B-4B4F-A283-961DB5D75570}.Debug|Any CPU.Build.0 = Debug|Any CPU
		{AB977E34-D24B-4B4F-A283-961DB5D75570}.Release|Any CPU.ActiveCfg = Release|Any CPU
		{AB977E34-D24B-4B4F-A283-961DB5D75570}.Release|Any CPU.Build.0 = Release|Any CPU
		{0D848F61-CD42-4343-ACD9-13C75C6E73F6}.Debug|Any CPU.ActiveCfg = Debug|Any CPU
		{0D848F61-CD42-4343-ACD9-13C75C6E73F6}.Debug|Any CPU.Build.0 = Debug|Any CPU
		{0D848F61-CD42-4343-ACD9-13C75C6E73F6}.Release|Any CPU.ActiveCfg = Release|Any CPU
		{0D848F61-CD42-4343-ACD9-13C75C6E73F6}.Release|Any CPU.Build.0 = Release|Any CPU
		{26E02D42-3A94-4443-A6E8-19C57F5B2B51}.Debug|Any CPU.ActiveCfg = Debug|Any CPU
		{26E02D42-3A94-4443-A6E8-19C57F5B2B51}.Debug|Any CPU.Build.0 = Debug|Any CPU
		{26E02D42-3A94-4443-A6E8-19C57F5B2B51}.Release|Any CPU.ActiveCfg = Release|Any CPU
		{26E02D42-3A94-4443-A6E8-19C57F5B2B51}.Release|Any CPU.Build.0 = Release|Any CPU
	EndGlobalSection
	GlobalSection(SolutionProperties) = preSolution
		HideSolutionNode = FALSE
	EndGlobalSection
	GlobalSection(ExtensibilityGlobals) = postSolution
		SolutionGuid = {8DC96678-B027-49AD-BC1A-C84CE5B00DAD}
	EndGlobalSection
EndGlobal
